// !$*UTF8*$!
{
	archiveVersion = 1;
	classes = {
	};
	objectVersion = 46;
	objects = {

/* Begin PBXBuildFile section */
		8B39E73A1F2F545800DE5CCE /* SendPreviewWindowController.swift in Sources */ = {isa = PBXBuildFile; fileRef = 8B39E7381F2F545800DE5CCE /* SendPreviewWindowController.swift */; };
		8B59AB611F23901D005601DA /* AppDelegate.swift in Sources */ = {isa = PBXBuildFile; fileRef = 8B59AB601F23901D005601DA /* AppDelegate.swift */; };
		8B59AB631F23901D005601DA /* ViewController.swift in Sources */ = {isa = PBXBuildFile; fileRef = 8B59AB621F23901D005601DA /* ViewController.swift */; };
		8B59AB651F23901D005601DA /* Assets.xcassets in Resources */ = {isa = PBXBuildFile; fileRef = 8B59AB641F23901D005601DA /* Assets.xcassets */; };
		8B59AB681F23901D005601DA /* Main.storyboard in Resources */ = {isa = PBXBuildFile; fileRef = 8B59AB661F23901D005601DA /* Main.storyboard */; };
		8B59AB731F23901D005601DA /* VideoSenderTests.swift in Sources */ = {isa = PBXBuildFile; fileRef = 8B59AB721F23901D005601DA /* VideoSenderTests.swift */; };
		8B59AB7E1F23901D005601DA /* VideoSenderUITests.swift in Sources */ = {isa = PBXBuildFile; fileRef = 8B59AB7D1F23901D005601DA /* VideoSenderUITests.swift */; };
		8B5B8F321F2E2F710090CF68 /* ScreenRecorderService.swift in Sources */ = {isa = PBXBuildFile; fileRef = 8B5B8F311F2E2F710090CF68 /* ScreenRecorderService.swift */; };
		8BAA3D2E1F2F5AD4009C4EA5 /* PreviewLayer.swift in Sources */ = {isa = PBXBuildFile; fileRef = 8BAA3D2D1F2F5AD4009C4EA5 /* PreviewLayer.swift */; };
		8BB6B13C1F30B70F00913323 /* AppDelegate.swift in Sources */ = {isa = PBXBuildFile; fileRef = 8BB6B13B1F30B70F00913323 /* AppDelegate.swift */; };
		8BB6B13E1F30B70F00913323 /* ViewController.swift in Sources */ = {isa = PBXBuildFile; fileRef = 8BB6B13D1F30B70F00913323 /* ViewController.swift */; };
		8BB6B1401F30B70F00913323 /* Assets.xcassets in Resources */ = {isa = PBXBuildFile; fileRef = 8BB6B13F1F30B70F00913323 /* Assets.xcassets */; };
		8BB6B1431F30B70F00913323 /* Main.storyboard in Resources */ = {isa = PBXBuildFile; fileRef = 8BB6B1411F30B70F00913323 /* Main.storyboard */; };
		8BB6B14E1F30B70F00913323 /* VideoReceiverTests.swift in Sources */ = {isa = PBXBuildFile; fileRef = 8BB6B14D1F30B70F00913323 /* VideoReceiverTests.swift */; };
		8BB6B1591F30B70F00913323 /* VideoReceiverUITests.swift in Sources */ = {isa = PBXBuildFile; fileRef = 8BB6B1581F30B70F00913323 /* VideoReceiverUITests.swift */; };
		8BB6B1721F30BB3900913323 /* Info.plist in Resources */ = {isa = PBXBuildFile; fileRef = 8BB6B1671F30BB3900913323 /* Info.plist */; };
		8BB6B1731F30BB3900913323 /* Info.plist in Resources */ = {isa = PBXBuildFile; fileRef = 8BB6B1671F30BB3900913323 /* Info.plist */; };
		8BB6B1741F30BB3900913323 /* LICENSE.txt in Resources */ = {isa = PBXBuildFile; fileRef = 8BB6B1681F30BB3900913323 /* LICENSE.txt */; };
		8BB6B1751F30BB3900913323 /* LICENSE.txt in Resources */ = {isa = PBXBuildFile; fileRef = 8BB6B1681F30BB3900913323 /* LICENSE.txt */; };
		8BB6B1761F30BB3900913323 /* PTChannel.m in Sources */ = {isa = PBXBuildFile; fileRef = 8BB6B16C1F30BB3900913323 /* PTChannel.m */; };
		8BB6B1771F30BB3900913323 /* PTChannel.m in Sources */ = {isa = PBXBuildFile; fileRef = 8BB6B16C1F30BB3900913323 /* PTChannel.m */; };
		8BB6B1781F30BB3900913323 /* PTProtocol.m in Sources */ = {isa = PBXBuildFile; fileRef = 8BB6B16F1F30BB3900913323 /* PTProtocol.m */; };
		8BB6B1791F30BB3900913323 /* PTProtocol.m in Sources */ = {isa = PBXBuildFile; fileRef = 8BB6B16F1F30BB3900913323 /* PTProtocol.m */; };
		8BB6B17A1F30BB3900913323 /* PTUSBHub.m in Sources */ = {isa = PBXBuildFile; fileRef = 8BB6B1711F30BB3900913323 /* PTUSBHub.m */; };
		8BB6B17B1F30BB3900913323 /* PTUSBHub.m in Sources */ = {isa = PBXBuildFile; fileRef = 8BB6B1711F30BB3900913323 /* PTUSBHub.m */; };
		8BB6B17F1F30BB4C00913323 /* Helper.swift in Sources */ = {isa = PBXBuildFile; fileRef = 8BB6B17C1F30BB4C00913323 /* Helper.swift */; };
		8BB6B1801F30BB4C00913323 /* Helper.swift in Sources */ = {isa = PBXBuildFile; fileRef = 8BB6B17C1F30BB4C00913323 /* Helper.swift */; };
		8BB6B1811F30BB4C00913323 /* PTManager.swift in Sources */ = {isa = PBXBuildFile; fileRef = 8BB6B17E1F30BB4C00913323 /* PTManager.swift */; };
		8BB6B1821F30BB4C00913323 /* PTManager.swift in Sources */ = {isa = PBXBuildFile; fileRef = 8BB6B17E1F30BB4C00913323 /* PTManager.swift */; };
/* End PBXBuildFile section */

/* Begin PBXContainerItemProxy section */
		8B59AB6F1F23901D005601DA /* PBXContainerItemProxy */ = {
			isa = PBXContainerItemProxy;
			containerPortal = 8B59AB551F23901D005601DA /* Project object */;
			proxyType = 1;
			remoteGlobalIDString = 8B59AB5C1F23901D005601DA;
			remoteInfo = VideoSender;
		};
		8B59AB7A1F23901D005601DA /* PBXContainerItemProxy */ = {
			isa = PBXContainerItemProxy;
			containerPortal = 8B59AB551F23901D005601DA /* Project object */;
			proxyType = 1;
			remoteGlobalIDString = 8B59AB5C1F23901D005601DA;
			remoteInfo = VideoSender;
		};
		8BB6B14A1F30B70F00913323 /* PBXContainerItemProxy */ = {
			isa = PBXContainerItemProxy;
			containerPortal = 8B59AB551F23901D005601DA /* Project object */;
			proxyType = 1;
			remoteGlobalIDString = 8BB6B1381F30B70F00913323;
			remoteInfo = VideoReceiver;
		};
		8BB6B1551F30B70F00913323 /* PBXContainerItemProxy */ = {
			isa = PBXContainerItemProxy;
			containerPortal = 8B59AB551F23901D005601DA /* Project object */;
			proxyType = 1;
			remoteGlobalIDString = 8BB6B1381F30B70F00913323;
			remoteInfo = VideoReceiver;
		};
/* End PBXContainerItemProxy section */

/* Begin PBXFileReference section */
		8B39E7381F2F545800DE5CCE /* SendPreviewWindowController.swift */ = {isa = PBXFileReference; fileEncoding = 4; lastKnownFileType = sourcecode.swift; path = SendPreviewWindowController.swift; sourceTree = "<group>"; };
		8B59AB5D1F23901D005601DA /* VideoSender.app */ = {isa = PBXFileReference; explicitFileType = wrapper.application; includeInIndex = 0; path = VideoSender.app; sourceTree = BUILT_PRODUCTS_DIR; };
		8B59AB601F23901D005601DA /* AppDelegate.swift */ = {isa = PBXFileReference; lastKnownFileType = sourcecode.swift; path = AppDelegate.swift; sourceTree = "<group>"; };
		8B59AB621F23901D005601DA /* ViewController.swift */ = {isa = PBXFileReference; lastKnownFileType = sourcecode.swift; path = ViewController.swift; sourceTree = "<group>"; };
		8B59AB641F23901D005601DA /* Assets.xcassets */ = {isa = PBXFileReference; lastKnownFileType = folder.assetcatalog; path = Assets.xcassets; sourceTree = "<group>"; };
		8B59AB671F23901D005601DA /* Base */ = {isa = PBXFileReference; lastKnownFileType = file.storyboard; name = Base; path = Base.lproj/Main.storyboard; sourceTree = "<group>"; };
		8B59AB691F23901D005601DA /* Info.plist */ = {isa = PBXFileReference; lastKnownFileType = text.plist.xml; path = Info.plist; sourceTree = "<group>"; };
		8B59AB6E1F23901D005601DA /* VideoSenderTests.xctest */ = {isa = PBXFileReference; explicitFileType = wrapper.cfbundle; includeInIndex = 0; path = VideoSenderTests.xctest; sourceTree = BUILT_PRODUCTS_DIR; };
		8B59AB721F23901D005601DA /* VideoSenderTests.swift */ = {isa = PBXFileReference; lastKnownFileType = sourcecode.swift; path = VideoSenderTests.swift; sourceTree = "<group>"; };
		8B59AB741F23901D005601DA /* Info.plist */ = {isa = PBXFileReference; lastKnownFileType = text.plist.xml; path = Info.plist; sourceTree = "<group>"; };
		8B59AB791F23901D005601DA /* VideoSenderUITests.xctest */ = {isa = PBXFileReference; explicitFileType = wrapper.cfbundle; includeInIndex = 0; path = VideoSenderUITests.xctest; sourceTree = BUILT_PRODUCTS_DIR; };
		8B59AB7D1F23901D005601DA /* VideoSenderUITests.swift */ = {isa = PBXFileReference; lastKnownFileType = sourcecode.swift; path = VideoSenderUITests.swift; sourceTree = "<group>"; };
		8B59AB7F1F23901D005601DA /* Info.plist */ = {isa = PBXFileReference; lastKnownFileType = text.plist.xml; path = Info.plist; sourceTree = "<group>"; };
		8B5B8F311F2E2F710090CF68 /* ScreenRecorderService.swift */ = {isa = PBXFileReference; fileEncoding = 4; lastKnownFileType = sourcecode.swift; path = ScreenRecorderService.swift; sourceTree = "<group>"; };
		8BAA3D2D1F2F5AD4009C4EA5 /* PreviewLayer.swift */ = {isa = PBXFileReference; fileEncoding = 4; lastKnownFileType = sourcecode.swift; path = PreviewLayer.swift; sourceTree = "<group>"; };
		8BB6B1391F30B70F00913323 /* VideoReceiver.app */ = {isa = PBXFileReference; explicitFileType = wrapper.application; includeInIndex = 0; path = VideoReceiver.app; sourceTree = BUILT_PRODUCTS_DIR; };
		8BB6B13B1F30B70F00913323 /* AppDelegate.swift */ = {isa = PBXFileReference; lastKnownFileType = sourcecode.swift; path = AppDelegate.swift; sourceTree = "<group>"; };
		8BB6B13D1F30B70F00913323 /* ViewController.swift */ = {isa = PBXFileReference; lastKnownFileType = sourcecode.swift; path = ViewController.swift; sourceTree = "<group>"; };
		8BB6B13F1F30B70F00913323 /* Assets.xcassets */ = {isa = PBXFileReference; lastKnownFileType = folder.assetcatalog; path = Assets.xcassets; sourceTree = "<group>"; };
		8BB6B1421F30B70F00913323 /* Base */ = {isa = PBXFileReference; lastKnownFileType = file.storyboard; name = Base; path = Base.lproj/Main.storyboard; sourceTree = "<group>"; };
		8BB6B1441F30B70F00913323 /* Info.plist */ = {isa = PBXFileReference; lastKnownFileType = text.plist.xml; path = Info.plist; sourceTree = "<group>"; };
		8BB6B1491F30B70F00913323 /* VideoReceiverTests.xctest */ = {isa = PBXFileReference; explicitFileType = wrapper.cfbundle; includeInIndex = 0; path = VideoReceiverTests.xctest; sourceTree = BUILT_PRODUCTS_DIR; };
		8BB6B14D1F30B70F00913323 /* VideoReceiverTests.swift */ = {isa = PBXFileReference; lastKnownFileType = sourcecode.swift; path = VideoReceiverTests.swift; sourceTree = "<group>"; };
		8BB6B14F1F30B70F00913323 /* Info.plist */ = {isa = PBXFileReference; lastKnownFileType = text.plist.xml; path = Info.plist; sourceTree = "<group>"; };
		8BB6B1541F30B70F00913323 /* VideoReceiverUITests.xctest */ = {isa = PBXFileReference; explicitFileType = wrapper.cfbundle; includeInIndex = 0; path = VideoReceiverUITests.xctest; sourceTree = BUILT_PRODUCTS_DIR; };
		8BB6B1581F30B70F00913323 /* VideoReceiverUITests.swift */ = {isa = PBXFileReference; lastKnownFileType = sourcecode.swift; path = VideoReceiverUITests.swift; sourceTree = "<group>"; };
		8BB6B15A1F30B70F00913323 /* Info.plist */ = {isa = PBXFileReference; lastKnownFileType = text.plist.xml; path = Info.plist; sourceTree = "<group>"; };
		8BB6B1671F30BB3900913323 /* Info.plist */ = {isa = PBXFileReference; fileEncoding = 4; lastKnownFileType = text.plist.xml; path = Info.plist; sourceTree = "<group>"; };
		8BB6B1681F30BB3900913323 /* LICENSE.txt */ = {isa = PBXFileReference; fileEncoding = 4; lastKnownFileType = text; path = LICENSE.txt; sourceTree = "<group>"; };
		8BB6B1691F30BB3900913323 /* Peertalk.h */ = {isa = PBXFileReference; fileEncoding = 4; lastKnownFileType = sourcecode.c.h; path = Peertalk.h; sourceTree = "<group>"; };
		8BB6B16A1F30BB3900913323 /* prefix.pch */ = {isa = PBXFileReference; fileEncoding = 4; lastKnownFileType = sourcecode.c.h; path = prefix.pch; sourceTree = "<group>"; };
		8BB6B16B1F30BB3900913323 /* PTChannel.h */ = {isa = PBXFileReference; fileEncoding = 4; lastKnownFileType = sourcecode.c.h; path = PTChannel.h; sourceTree = "<group>"; };
		8BB6B16C1F30BB3900913323 /* PTChannel.m */ = {isa = PBXFileReference; fileEncoding = 4; lastKnownFileType = sourcecode.c.objc; path = PTChannel.m; sourceTree = "<group>"; };
		8BB6B16D1F30BB3900913323 /* PTPrivate.h */ = {isa = PBXFileReference; fileEncoding = 4; lastKnownFileType = sourcecode.c.h; path = PTPrivate.h; sourceTree = "<group>"; };
		8BB6B16E1F30BB3900913323 /* PTProtocol.h */ = {isa = PBXFileReference; fileEncoding = 4; lastKnownFileType = sourcecode.c.h; path = PTProtocol.h; sourceTree = "<group>"; };
		8BB6B16F1F30BB3900913323 /* PTProtocol.m */ = {isa = PBXFileReference; fileEncoding = 4; lastKnownFileType = sourcecode.c.objc; path = PTProtocol.m; sourceTree = "<group>"; };
		8BB6B1701F30BB3900913323 /* PTUSBHub.h */ = {isa = PBXFileReference; fileEncoding = 4; lastKnownFileType = sourcecode.c.h; path = PTUSBHub.h; sourceTree = "<group>"; };
		8BB6B1711F30BB3900913323 /* PTUSBHub.m */ = {isa = PBXFileReference; fileEncoding = 4; lastKnownFileType = sourcecode.c.objc; path = PTUSBHub.m; sourceTree = "<group>"; };
		8BB6B17C1F30BB4C00913323 /* Helper.swift */ = {isa = PBXFileReference; fileEncoding = 4; lastKnownFileType = sourcecode.swift; path = Helper.swift; sourceTree = "<group>"; };
		8BB6B17D1F30BB4C00913323 /* VideoReceiver-Bridging-Header.h */ = {isa = PBXFileReference; fileEncoding = 4; lastKnownFileType = sourcecode.c.h; path = "VideoReceiver-Bridging-Header.h"; sourceTree = "<group>"; };
		8BB6B17E1F30BB4C00913323 /* PTManager.swift */ = {isa = PBXFileReference; fileEncoding = 4; lastKnownFileType = sourcecode.swift; path = PTManager.swift; sourceTree = "<group>"; };
/* End PBXFileReference section */

/* Begin PBXFrameworksBuildPhase section */
		8B59AB5A1F23901D005601DA /* Frameworks */ = {
			isa = PBXFrameworksBuildPhase;
			buildActionMask = 2147483647;
			files = (
			);
			runOnlyForDeploymentPostprocessing = 0;
		};
		8B59AB6B1F23901D005601DA /* Frameworks */ = {
			isa = PBXFrameworksBuildPhase;
			buildActionMask = 2147483647;
			files = (
			);
			runOnlyForDeploymentPostprocessing = 0;
		};
		8B59AB761F23901D005601DA /* Frameworks */ = {
			isa = PBXFrameworksBuildPhase;
			buildActionMask = 2147483647;
			files = (
			);
			runOnlyForDeploymentPostprocessing = 0;
		};
		8BB6B1361F30B70F00913323 /* Frameworks */ = {
			isa = PBXFrameworksBuildPhase;
			buildActionMask = 2147483647;
			files = (
			);
			runOnlyForDeploymentPostprocessing = 0;
		};
		8BB6B1461F30B70F00913323 /* Frameworks */ = {
			isa = PBXFrameworksBuildPhase;
			buildActionMask = 2147483647;
			files = (
			);
			runOnlyForDeploymentPostprocessing = 0;
		};
		8BB6B1511F30B70F00913323 /* Frameworks */ = {
			isa = PBXFrameworksBuildPhase;
			buildActionMask = 2147483647;
			files = (
			);
			runOnlyForDeploymentPostprocessing = 0;
		};
/* End PBXFrameworksBuildPhase section */

/* Begin PBXGroup section */
		8B59AB541F23901D005601DA = {
			isa = PBXGroup;
			children = (
				8BB6B1831F30BB7500913323 /* peertalk */,
				8BB6B1661F30BB3900913323 /* peerTalkSimple */,
				8BB6B1641F30B72200913323 /* Sender */,
				8BB6B1651F30B72A00913323 /* Receiver */,
				8B59AB5E1F23901D005601DA /* Products */,
			);
			sourceTree = "<group>";
		};
		8B59AB5E1F23901D005601DA /* Products */ = {
			isa = PBXGroup;
			children = (
				8B59AB5D1F23901D005601DA /* VideoSender.app */,
				8B59AB6E1F23901D005601DA /* VideoSenderTests.xctest */,
				8B59AB791F23901D005601DA /* VideoSenderUITests.xctest */,
				8BB6B1391F30B70F00913323 /* VideoReceiver.app */,
				8BB6B1491F30B70F00913323 /* VideoReceiverTests.xctest */,
				8BB6B1541F30B70F00913323 /* VideoReceiverUITests.xctest */,
			);
			name = Products;
			sourceTree = "<group>";
		};
		8B59AB5F1F23901D005601DA /* VideoSender */ = {
			isa = PBXGroup;
			children = (
				8B59AB601F23901D005601DA /* AppDelegate.swift */,
				8B59AB621F23901D005601DA /* ViewController.swift */,
				8B39E7381F2F545800DE5CCE /* SendPreviewWindowController.swift */,
				8BAA3D2D1F2F5AD4009C4EA5 /* PreviewLayer.swift */,
				8B5B8F331F2E35A70090CF68 /* IdeaMovieFile */,
				8B5B8F311F2E2F710090CF68 /* ScreenRecorderService.swift */,
				8B59AB641F23901D005601DA /* Assets.xcassets */,
				8B59AB661F23901D005601DA /* Main.storyboard */,
				8B59AB691F23901D005601DA /* Info.plist */,
			);
			path = VideoSender;
			sourceTree = "<group>";
		};
		8B59AB711F23901D005601DA /* VideoSenderTests */ = {
			isa = PBXGroup;
			children = (
				8B59AB721F23901D005601DA /* VideoSenderTests.swift */,
				8B59AB741F23901D005601DA /* Info.plist */,
			);
			path = VideoSenderTests;
			sourceTree = "<group>";
		};
		8B59AB7C1F23901D005601DA /* VideoSenderUITests */ = {
			isa = PBXGroup;
			children = (
				8B59AB7D1F23901D005601DA /* VideoSenderUITests.swift */,
				8B59AB7F1F23901D005601DA /* Info.plist */,
			);
			path = VideoSenderUITests;
			sourceTree = "<group>";
		};
		8B5B8F331F2E35A70090CF68 /* IdeaMovieFile */ = {
			isa = PBXGroup;
			children = (
			);
			name = IdeaMovieFile;
			sourceTree = "<group>";
		};
		8BB6B13A1F30B70F00913323 /* VideoReceiver */ = {
			isa = PBXGroup;
			children = (
				8BB6B13B1F30B70F00913323 /* AppDelegate.swift */,
				8BB6B13D1F30B70F00913323 /* ViewController.swift */,
				8BB6B13F1F30B70F00913323 /* Assets.xcassets */,
				8BB6B1411F30B70F00913323 /* Main.storyboard */,
				8BB6B1441F30B70F00913323 /* Info.plist */,
			);
			path = VideoReceiver;
			sourceTree = "<group>";
		};
		8BB6B14C1F30B70F00913323 /* VideoReceiverTests */ = {
			isa = PBXGroup;
			children = (
				8BB6B14D1F30B70F00913323 /* VideoReceiverTests.swift */,
				8BB6B14F1F30B70F00913323 /* Info.plist */,
			);
			path = VideoReceiverTests;
			sourceTree = "<group>";
		};
		8BB6B1571F30B70F00913323 /* VideoReceiverUITests */ = {
			isa = PBXGroup;
			children = (
				8BB6B1581F30B70F00913323 /* VideoReceiverUITests.swift */,
				8BB6B15A1F30B70F00913323 /* Info.plist */,
			);
			path = VideoReceiverUITests;
			sourceTree = "<group>";
		};
		8BB6B1641F30B72200913323 /* Sender */ = {
			isa = PBXGroup;
			children = (
				8B59AB5F1F23901D005601DA /* VideoSender */,
				8B59AB711F23901D005601DA /* VideoSenderTests */,
				8B59AB7C1F23901D005601DA /* VideoSenderUITests */,
			);
			name = Sender;
			sourceTree = "<group>";
		};
		8BB6B1651F30B72A00913323 /* Receiver */ = {
			isa = PBXGroup;
			children = (
				8BB6B13A1F30B70F00913323 /* VideoReceiver */,
				8BB6B14C1F30B70F00913323 /* VideoReceiverTests */,
				8BB6B1571F30B70F00913323 /* VideoReceiverUITests */,
			);
			name = Receiver;
			sourceTree = "<group>";
		};
		8BB6B1661F30BB3900913323 /* peerTalkSimple */ = {
			isa = PBXGroup;
			children = (
				8BB6B17C1F30BB4C00913323 /* Helper.swift */,
				8BB6B17D1F30BB4C00913323 /* VideoReceiver-Bridging-Header.h */,
				8BB6B17E1F30BB4C00913323 /* PTManager.swift */,
			);
			name = peerTalkSimple;
			path = peertalk;
			sourceTree = "<group>";
		};
		8BB6B1831F30BB7500913323 /* peertalk */ = {
			isa = PBXGroup;
			children = (
				8BB6B1671F30BB3900913323 /* Info.plist */,
				8BB6B1681F30BB3900913323 /* LICENSE.txt */,
				8BB6B1691F30BB3900913323 /* Peertalk.h */,
				8BB6B16A1F30BB3900913323 /* prefix.pch */,
				8BB6B16B1F30BB3900913323 /* PTChannel.h */,
				8BB6B16C1F30BB3900913323 /* PTChannel.m */,
				8BB6B16D1F30BB3900913323 /* PTPrivate.h */,
				8BB6B16E1F30BB3900913323 /* PTProtocol.h */,
				8BB6B16F1F30BB3900913323 /* PTProtocol.m */,
				8BB6B1701F30BB3900913323 /* PTUSBHub.h */,
				8BB6B1711F30BB3900913323 /* PTUSBHub.m */,
			);
			path = peertalk;
			sourceTree = "<group>";
		};
/* End PBXGroup section */

/* Begin PBXNativeTarget section */
		8B59AB5C1F23901D005601DA /* VideoSender */ = {
			isa = PBXNativeTarget;
			buildConfigurationList = 8B59AB821F23901D005601DA /* Build configuration list for PBXNativeTarget "VideoSender" */;
			buildPhases = (
				8B59AB591F23901D005601DA /* Sources */,
				8B59AB5A1F23901D005601DA /* Frameworks */,
				8B59AB5B1F23901D005601DA /* Resources */,
			);
			buildRules = (
			);
			dependencies = (
			);
			name = VideoSender;
			productName = VideoSender;
			productReference = 8B59AB5D1F23901D005601DA /* VideoSender.app */;
			productType = "com.apple.product-type.application";
		};
		8B59AB6D1F23901D005601DA /* VideoSenderTests */ = {
			isa = PBXNativeTarget;
			buildConfigurationList = 8B59AB851F23901D005601DA /* Build configuration list for PBXNativeTarget "VideoSenderTests" */;
			buildPhases = (
				8B59AB6A1F23901D005601DA /* Sources */,
				8B59AB6B1F23901D005601DA /* Frameworks */,
				8B59AB6C1F23901D005601DA /* Resources */,
			);
			buildRules = (
			);
			dependencies = (
				8B59AB701F23901D005601DA /* PBXTargetDependency */,
			);
			name = VideoSenderTests;
			productName = VideoSenderTests;
			productReference = 8B59AB6E1F23901D005601DA /* VideoSenderTests.xctest */;
			productType = "com.apple.product-type.bundle.unit-test";
		};
		8B59AB781F23901D005601DA /* VideoSenderUITests */ = {
			isa = PBXNativeTarget;
			buildConfigurationList = 8B59AB881F23901D005601DA /* Build configuration list for PBXNativeTarget "VideoSenderUITests" */;
			buildPhases = (
				8B59AB751F23901D005601DA /* Sources */,
				8B59AB761F23901D005601DA /* Frameworks */,
				8B59AB771F23901D005601DA /* Resources */,
			);
			buildRules = (
			);
			dependencies = (
				8B59AB7B1F23901D005601DA /* PBXTargetDependency */,
			);
			name = VideoSenderUITests;
			productName = VideoSenderUITests;
			productReference = 8B59AB791F23901D005601DA /* VideoSenderUITests.xctest */;
			productType = "com.apple.product-type.bundle.ui-testing";
		};
		8BB6B1381F30B70F00913323 /* VideoReceiver */ = {
			isa = PBXNativeTarget;
			buildConfigurationList = 8BB6B1611F30B70F00913323 /* Build configuration list for PBXNativeTarget "VideoReceiver" */;
			buildPhases = (
				8BB6B1351F30B70F00913323 /* Sources */,
				8BB6B1361F30B70F00913323 /* Frameworks */,
				8BB6B1371F30B70F00913323 /* Resources */,
			);
			buildRules = (
			);
			dependencies = (
			);
			name = VideoReceiver;
			productName = VideoReceiver;
			productReference = 8BB6B1391F30B70F00913323 /* VideoReceiver.app */;
			productType = "com.apple.product-type.application";
		};
		8BB6B1481F30B70F00913323 /* VideoReceiverTests */ = {
			isa = PBXNativeTarget;
			buildConfigurationList = 8BB6B1621F30B70F00913323 /* Build configuration list for PBXNativeTarget "VideoReceiverTests" */;
			buildPhases = (
				8BB6B1451F30B70F00913323 /* Sources */,
				8BB6B1461F30B70F00913323 /* Frameworks */,
				8BB6B1471F30B70F00913323 /* Resources */,
			);
			buildRules = (
			);
			dependencies = (
				8BB6B14B1F30B70F00913323 /* PBXTargetDependency */,
			);
			name = VideoReceiverTests;
			productName = VideoReceiverTests;
			productReference = 8BB6B1491F30B70F00913323 /* VideoReceiverTests.xctest */;
			productType = "com.apple.product-type.bundle.unit-test";
		};
		8BB6B1531F30B70F00913323 /* VideoReceiverUITests */ = {
			isa = PBXNativeTarget;
			buildConfigurationList = 8BB6B1631F30B70F00913323 /* Build configuration list for PBXNativeTarget "VideoReceiverUITests" */;
			buildPhases = (
				8BB6B1501F30B70F00913323 /* Sources */,
				8BB6B1511F30B70F00913323 /* Frameworks */,
				8BB6B1521F30B70F00913323 /* Resources */,
			);
			buildRules = (
			);
			dependencies = (
				8BB6B1561F30B70F00913323 /* PBXTargetDependency */,
			);
			name = VideoReceiverUITests;
			productName = VideoReceiverUITests;
			productReference = 8BB6B1541F30B70F00913323 /* VideoReceiverUITests.xctest */;
			productType = "com.apple.product-type.bundle.ui-testing";
		};
/* End PBXNativeTarget section */

/* Begin PBXProject section */
		8B59AB551F23901D005601DA /* Project object */ = {
			isa = PBXProject;
			attributes = {
				LastSwiftUpdateCheck = 0830;
				LastUpgradeCheck = 0830;
				ORGANIZATIONNAME = jimdanger;
				TargetAttributes = {
					8B59AB5C1F23901D005601DA = {
						CreatedOnToolsVersion = 8.3.3;
						DevelopmentTeam = 5MFLP3AQ7C;
						ProvisioningStyle = Automatic;
					};
					8B59AB6D1F23901D005601DA = {
						CreatedOnToolsVersion = 8.3.3;
						DevelopmentTeam = 5MFLP3AQ7C;
						ProvisioningStyle = Automatic;
						TestTargetID = 8B59AB5C1F23901D005601DA;
					};
					8B59AB781F23901D005601DA = {
						CreatedOnToolsVersion = 8.3.3;
						DevelopmentTeam = 5MFLP3AQ7C;
						ProvisioningStyle = Automatic;
						TestTargetID = 8B59AB5C1F23901D005601DA;
					};
					8BB6B1381F30B70F00913323 = {
						CreatedOnToolsVersion = 8.3.3;
						DevelopmentTeam = 5MFLP3AQ7C;
						ProvisioningStyle = Automatic;
					};
					8BB6B1481F30B70F00913323 = {
						CreatedOnToolsVersion = 8.3.3;
						DevelopmentTeam = 5MFLP3AQ7C;
						ProvisioningStyle = Automatic;
						TestTargetID = 8BB6B1381F30B70F00913323;
					};
					8BB6B1531F30B70F00913323 = {
						CreatedOnToolsVersion = 8.3.3;
						DevelopmentTeam = 5MFLP3AQ7C;
						ProvisioningStyle = Automatic;
						TestTargetID = 8BB6B1381F30B70F00913323;
					};
				};
			};
			buildConfigurationList = 8B59AB581F23901D005601DA /* Build configuration list for PBXProject "VideoSender" */;
			compatibilityVersion = "Xcode 3.2";
			developmentRegion = English;
			hasScannedForEncodings = 0;
			knownRegions = (
				en,
				Base,
			);
			mainGroup = 8B59AB541F23901D005601DA;
			productRefGroup = 8B59AB5E1F23901D005601DA /* Products */;
			projectDirPath = "";
			projectRoot = "";
			targets = (
				8B59AB5C1F23901D005601DA /* VideoSender */,
				8B59AB6D1F23901D005601DA /* VideoSenderTests */,
				8B59AB781F23901D005601DA /* VideoSenderUITests */,
				8BB6B1381F30B70F00913323 /* VideoReceiver */,
				8BB6B1481F30B70F00913323 /* VideoReceiverTests */,
				8BB6B1531F30B70F00913323 /* VideoReceiverUITests */,
			);
		};
/* End PBXProject section */

/* Begin PBXResourcesBuildPhase section */
		8B59AB5B1F23901D005601DA /* Resources */ = {
			isa = PBXResourcesBuildPhase;
			buildActionMask = 2147483647;
			files = (
				8BB6B1741F30BB3900913323 /* LICENSE.txt in Resources */,
				8B59AB651F23901D005601DA /* Assets.xcassets in Resources */,
				8B59AB681F23901D005601DA /* Main.storyboard in Resources */,
				8BB6B1721F30BB3900913323 /* Info.plist in Resources */,
			);
			runOnlyForDeploymentPostprocessing = 0;
		};
		8B59AB6C1F23901D005601DA /* Resources */ = {
			isa = PBXResourcesBuildPhase;
			buildActionMask = 2147483647;
			files = (
			);
			runOnlyForDeploymentPostprocessing = 0;
		};
		8B59AB771F23901D005601DA /* Resources */ = {
			isa = PBXResourcesBuildPhase;
			buildActionMask = 2147483647;
			files = (
			);
			runOnlyForDeploymentPostprocessing = 0;
		};
		8BB6B1371F30B70F00913323 /* Resources */ = {
			isa = PBXResourcesBuildPhase;
			buildActionMask = 2147483647;
			files = (
				8BB6B1751F30BB3900913323 /* LICENSE.txt in Resources */,
				8BB6B1401F30B70F00913323 /* Assets.xcassets in Resources */,
				8BB6B1431F30B70F00913323 /* Main.storyboard in Resources */,
				8BB6B1731F30BB3900913323 /* Info.plist in Resources */,
			);
			runOnlyForDeploymentPostprocessing = 0;
		};
		8BB6B1471F30B70F00913323 /* Resources */ = {
			isa = PBXResourcesBuildPhase;
			buildActionMask = 2147483647;
			files = (
			);
			runOnlyForDeploymentPostprocessing = 0;
		};
		8BB6B1521F30B70F00913323 /* Resources */ = {
			isa = PBXResourcesBuildPhase;
			buildActionMask = 2147483647;
			files = (
			);
			runOnlyForDeploymentPostprocessing = 0;
		};
/* End PBXResourcesBuildPhase section */

/* Begin PBXSourcesBuildPhase section */
		8B59AB591F23901D005601DA /* Sources */ = {
			isa = PBXSourcesBuildPhase;
			buildActionMask = 2147483647;
			files = (
				8BAA3D2E1F2F5AD4009C4EA5 /* PreviewLayer.swift in Sources */,
				8BB6B1761F30BB3900913323 /* PTChannel.m in Sources */,
				8BB6B17A1F30BB3900913323 /* PTUSBHub.m in Sources */,
				8BB6B1811F30BB4C00913323 /* PTManager.swift in Sources */,
				8B59AB631F23901D005601DA /* ViewController.swift in Sources */,
				8B39E73A1F2F545800DE5CCE /* SendPreviewWindowController.swift in Sources */,
				8BB6B17F1F30BB4C00913323 /* Helper.swift in Sources */,
				8B5B8F321F2E2F710090CF68 /* ScreenRecorderService.swift in Sources */,
				8B59AB611F23901D005601DA /* AppDelegate.swift in Sources */,
				8BB6B1781F30BB3900913323 /* PTProtocol.m in Sources */,
			);
			runOnlyForDeploymentPostprocessing = 0;
		};
		8B59AB6A1F23901D005601DA /* Sources */ = {
			isa = PBXSourcesBuildPhase;
			buildActionMask = 2147483647;
			files = (
				8B59AB731F23901D005601DA /* VideoSenderTests.swift in Sources */,
			);
			runOnlyForDeploymentPostprocessing = 0;
		};
		8B59AB751F23901D005601DA /* Sources */ = {
			isa = PBXSourcesBuildPhase;
			buildActionMask = 2147483647;
			files = (
				8B59AB7E1F23901D005601DA /* VideoSenderUITests.swift in Sources */,
			);
			runOnlyForDeploymentPostprocessing = 0;
		};
		8BB6B1351F30B70F00913323 /* Sources */ = {
			isa = PBXSourcesBuildPhase;
			buildActionMask = 2147483647;
			files = (
				8BB6B13E1F30B70F00913323 /* ViewController.swift in Sources */,
				8BB6B1791F30BB3900913323 /* PTProtocol.m in Sources */,
				8BB6B1771F30BB3900913323 /* PTChannel.m in Sources */,
				8BB6B17B1F30BB3900913323 /* PTUSBHub.m in Sources */,
				8BB6B1821F30BB4C00913323 /* PTManager.swift in Sources */,
				8BB6B13C1F30B70F00913323 /* AppDelegate.swift in Sources */,
				8BB6B1801F30BB4C00913323 /* Helper.swift in Sources */,
			);
			runOnlyForDeploymentPostprocessing = 0;
		};
		8BB6B1451F30B70F00913323 /* Sources */ = {
			isa = PBXSourcesBuildPhase;
			buildActionMask = 2147483647;
			files = (
				8BB6B14E1F30B70F00913323 /* VideoReceiverTests.swift in Sources */,
			);
			runOnlyForDeploymentPostprocessing = 0;
		};
		8BB6B1501F30B70F00913323 /* Sources */ = {
			isa = PBXSourcesBuildPhase;
			buildActionMask = 2147483647;
			files = (
				8BB6B1591F30B70F00913323 /* VideoReceiverUITests.swift in Sources */,
			);
			runOnlyForDeploymentPostprocessing = 0;
		};
/* End PBXSourcesBuildPhase section */

/* Begin PBXTargetDependency section */
		8B59AB701F23901D005601DA /* PBXTargetDependency */ = {
			isa = PBXTargetDependency;
			target = 8B59AB5C1F23901D005601DA /* VideoSender */;
			targetProxy = 8B59AB6F1F23901D005601DA /* PBXContainerItemProxy */;
		};
		8B59AB7B1F23901D005601DA /* PBXTargetDependency */ = {
			isa = PBXTargetDependency;
			target = 8B59AB5C1F23901D005601DA /* VideoSender */;
			targetProxy = 8B59AB7A1F23901D005601DA /* PBXContainerItemProxy */;
		};
		8BB6B14B1F30B70F00913323 /* PBXTargetDependency */ = {
			isa = PBXTargetDependency;
			target = 8BB6B1381F30B70F00913323 /* VideoReceiver */;
			targetProxy = 8BB6B14A1F30B70F00913323 /* PBXContainerItemProxy */;
		};
		8BB6B1561F30B70F00913323 /* PBXTargetDependency */ = {
			isa = PBXTargetDependency;
			target = 8BB6B1381F30B70F00913323 /* VideoReceiver */;
			targetProxy = 8BB6B1551F30B70F00913323 /* PBXContainerItemProxy */;
		};
/* End PBXTargetDependency section */

/* Begin PBXVariantGroup section */
		8B59AB661F23901D005601DA /* Main.storyboard */ = {
			isa = PBXVariantGroup;
			children = (
				8B59AB671F23901D005601DA /* Base */,
			);
			name = Main.storyboard;
			sourceTree = "<group>";
		};
		8BB6B1411F30B70F00913323 /* Main.storyboard */ = {
			isa = PBXVariantGroup;
			children = (
				8BB6B1421F30B70F00913323 /* Base */,
			);
			name = Main.storyboard;
			sourceTree = "<group>";
		};
/* End PBXVariantGroup section */

/* Begin XCBuildConfiguration section */
		8B59AB801F23901D005601DA /* Debug */ = {
			isa = XCBuildConfiguration;
			buildSettings = {
				ALWAYS_SEARCH_USER_PATHS = NO;
				CLANG_ANALYZER_NONNULL = YES;
				CLANG_ANALYZER_NUMBER_OBJECT_CONVERSION = YES_AGGRESSIVE;
				CLANG_CXX_LANGUAGE_STANDARD = "gnu++0x";
				CLANG_CXX_LIBRARY = "libc++";
				CLANG_ENABLE_MODULES = YES;
				CLANG_ENABLE_OBJC_ARC = YES;
				CLANG_WARN_BOOL_CONVERSION = YES;
				CLANG_WARN_CONSTANT_CONVERSION = YES;
				CLANG_WARN_DIRECT_OBJC_ISA_USAGE = YES_ERROR;
				CLANG_WARN_DOCUMENTATION_COMMENTS = YES;
				CLANG_WARN_EMPTY_BODY = YES;
				CLANG_WARN_ENUM_CONVERSION = YES;
				CLANG_WARN_INFINITE_RECURSION = YES;
				CLANG_WARN_INT_CONVERSION = YES;
				CLANG_WARN_OBJC_ROOT_CLASS = YES_ERROR;
				CLANG_WARN_SUSPICIOUS_MOVE = YES;
				CLANG_WARN_UNREACHABLE_CODE = YES;
				CLANG_WARN__DUPLICATE_METHOD_MATCH = YES;
				CODE_SIGN_IDENTITY = "-";
				COPY_PHASE_STRIP = NO;
				DEBUG_INFORMATION_FORMAT = dwarf;
				ENABLE_STRICT_OBJC_MSGSEND = YES;
				ENABLE_TESTABILITY = YES;
				GCC_C_LANGUAGE_STANDARD = gnu99;
				GCC_DYNAMIC_NO_PIC = NO;
				GCC_NO_COMMON_BLOCKS = YES;
				GCC_OPTIMIZATION_LEVEL = 0;
				GCC_PREPROCESSOR_DEFINITIONS = (
					"DEBUG=1",
					"$(inherited)",
				);
				GCC_WARN_64_TO_32_BIT_CONVERSION = YES;
				GCC_WARN_ABOUT_RETURN_TYPE = YES_ERROR;
				GCC_WARN_UNDECLARED_SELECTOR = YES;
				GCC_WARN_UNINITIALIZED_AUTOS = YES_AGGRESSIVE;
				GCC_WARN_UNUSED_FUNCTION = YES;
				GCC_WARN_UNUSED_VARIABLE = YES;
				MACOSX_DEPLOYMENT_TARGET = 10.12;
				MTL_ENABLE_DEBUG_INFO = YES;
				ONLY_ACTIVE_ARCH = YES;
				SDKROOT = macosx;
				SWIFT_ACTIVE_COMPILATION_CONDITIONS = DEBUG;
				SWIFT_OBJC_BRIDGING_HEADER = "peertalk/VideoReceiver-Bridging-Header.h";
				SWIFT_OPTIMIZATION_LEVEL = "-Onone";
			};
			name = Debug;
		};
		8B59AB811F23901D005601DA /* Release */ = {
			isa = XCBuildConfiguration;
			buildSettings = {
				ALWAYS_SEARCH_USER_PATHS = NO;
				CLANG_ANALYZER_NONNULL = YES;
				CLANG_ANALYZER_NUMBER_OBJECT_CONVERSION = YES_AGGRESSIVE;
				CLANG_CXX_LANGUAGE_STANDARD = "gnu++0x";
				CLANG_CXX_LIBRARY = "libc++";
				CLANG_ENABLE_MODULES = YES;
				CLANG_ENABLE_OBJC_ARC = YES;
				CLANG_WARN_BOOL_CONVERSION = YES;
				CLANG_WARN_CONSTANT_CONVERSION = YES;
				CLANG_WARN_DIRECT_OBJC_ISA_USAGE = YES_ERROR;
				CLANG_WARN_DOCUMENTATION_COMMENTS = YES;
				CLANG_WARN_EMPTY_BODY = YES;
				CLANG_WARN_ENUM_CONVERSION = YES;
				CLANG_WARN_INFINITE_RECURSION = YES;
				CLANG_WARN_INT_CONVERSION = YES;
				CLANG_WARN_OBJC_ROOT_CLASS = YES_ERROR;
				CLANG_WARN_SUSPICIOUS_MOVE = YES;
				CLANG_WARN_UNREACHABLE_CODE = YES;
				CLANG_WARN__DUPLICATE_METHOD_MATCH = YES;
				CODE_SIGN_IDENTITY = "-";
				COPY_PHASE_STRIP = NO;
				DEBUG_INFORMATION_FORMAT = "dwarf-with-dsym";
				ENABLE_NS_ASSERTIONS = NO;
				ENABLE_STRICT_OBJC_MSGSEND = YES;
				GCC_C_LANGUAGE_STANDARD = gnu99;
				GCC_NO_COMMON_BLOCKS = YES;
				GCC_WARN_64_TO_32_BIT_CONVERSION = YES;
				GCC_WARN_ABOUT_RETURN_TYPE = YES_ERROR;
				GCC_WARN_UNDECLARED_SELECTOR = YES;
				GCC_WARN_UNINITIALIZED_AUTOS = YES_AGGRESSIVE;
				GCC_WARN_UNUSED_FUNCTION = YES;
				GCC_WARN_UNUSED_VARIABLE = YES;
				MACOSX_DEPLOYMENT_TARGET = 10.12;
				MTL_ENABLE_DEBUG_INFO = NO;
				SDKROOT = macosx;
				SWIFT_OBJC_BRIDGING_HEADER = "peertalk/VideoReceiver-Bridging-Header.h";
				SWIFT_OPTIMIZATION_LEVEL = "-Owholemodule";
			};
			name = Release;
		};
		8B59AB831F23901D005601DA /* Debug */ = {
			isa = XCBuildConfiguration;
			buildSettings = {
				ASSETCATALOG_COMPILER_APPICON_NAME = AppIcon;
				COMBINE_HIDPI_IMAGES = YES;
				DEVELOPMENT_TEAM = 5MFLP3AQ7C;
				INFOPLIST_FILE = VideoSender/Info.plist;
				LD_RUNPATH_SEARCH_PATHS = "$(inherited) @executable_path/../Frameworks";
				PRODUCT_BUNDLE_IDENTIFIER = "com.-jimdanger.VideoSender";
				PRODUCT_NAME = "$(TARGET_NAME)";
				SWIFT_VERSION = 3.0;
			};
			name = Debug;
		};
		8B59AB841F23901D005601DA /* Release */ = {
			isa = XCBuildConfiguration;
			buildSettings = {
				ASSETCATALOG_COMPILER_APPICON_NAME = AppIcon;
				COMBINE_HIDPI_IMAGES = YES;
				DEVELOPMENT_TEAM = 5MFLP3AQ7C;
				INFOPLIST_FILE = VideoSender/Info.plist;
				LD_RUNPATH_SEARCH_PATHS = "$(inherited) @executable_path/../Frameworks";
				PRODUCT_BUNDLE_IDENTIFIER = "com.-jimdanger.VideoSender";
				PRODUCT_NAME = "$(TARGET_NAME)";
				SWIFT_VERSION = 3.0;
			};
			name = Release;
		};
		8B59AB861F23901D005601DA /* Debug */ = {
			isa = XCBuildConfiguration;
			buildSettings = {
				ALWAYS_EMBED_SWIFT_STANDARD_LIBRARIES = YES;
				BUNDLE_LOADER = "$(TEST_HOST)";
				COMBINE_HIDPI_IMAGES = YES;
				DEVELOPMENT_TEAM = 5MFLP3AQ7C;
				INFOPLIST_FILE = VideoSenderTests/Info.plist;
				LD_RUNPATH_SEARCH_PATHS = "$(inherited) @executable_path/../Frameworks @loader_path/../Frameworks";
				PRODUCT_BUNDLE_IDENTIFIER = "com.-jimdanger.VideoSenderTests";
				PRODUCT_NAME = "$(TARGET_NAME)";
				SWIFT_VERSION = 3.0;
				TEST_HOST = "$(BUILT_PRODUCTS_DIR)/VideoSender.app/Contents/MacOS/VideoSender";
			};
			name = Debug;
		};
		8B59AB871F23901D005601DA /* Release */ = {
			isa = XCBuildConfiguration;
			buildSettings = {
				ALWAYS_EMBED_SWIFT_STANDARD_LIBRARIES = YES;
				BUNDLE_LOADER = "$(TEST_HOST)";
				COMBINE_HIDPI_IMAGES = YES;
				DEVELOPMENT_TEAM = 5MFLP3AQ7C;
				INFOPLIST_FILE = VideoSenderTests/Info.plist;
				LD_RUNPATH_SEARCH_PATHS = "$(inherited) @executable_path/../Frameworks @loader_path/../Frameworks";
				PRODUCT_BUNDLE_IDENTIFIER = "com.-jimdanger.VideoSenderTests";
				PRODUCT_NAME = "$(TARGET_NAME)";
				SWIFT_VERSION = 3.0;
				TEST_HOST = "$(BUILT_PRODUCTS_DIR)/VideoSender.app/Contents/MacOS/VideoSender";
			};
			name = Release;
		};
		8B59AB891F23901D005601DA /* Debug */ = {
			isa = XCBuildConfiguration;
			buildSettings = {
				ALWAYS_EMBED_SWIFT_STANDARD_LIBRARIES = YES;
				COMBINE_HIDPI_IMAGES = YES;
				DEVELOPMENT_TEAM = 5MFLP3AQ7C;
				INFOPLIST_FILE = VideoSenderUITests/Info.plist;
				LD_RUNPATH_SEARCH_PATHS = "$(inherited) @executable_path/../Frameworks @loader_path/../Frameworks";
				PRODUCT_BUNDLE_IDENTIFIER = "com.-jimdanger.VideoSenderUITests";
				PRODUCT_NAME = "$(TARGET_NAME)";
				SWIFT_VERSION = 3.0;
				TEST_TARGET_NAME = VideoSender;
			};
			name = Debug;
		};
		8B59AB8A1F23901D005601DA /* Release */ = {
			isa = XCBuildConfiguration;
			buildSettings = {
				ALWAYS_EMBED_SWIFT_STANDARD_LIBRARIES = YES;
				COMBINE_HIDPI_IMAGES = YES;
				DEVELOPMENT_TEAM = 5MFLP3AQ7C;
				INFOPLIST_FILE = VideoSenderUITests/Info.plist;
				LD_RUNPATH_SEARCH_PATHS = "$(inherited) @executable_path/../Frameworks @loader_path/../Frameworks";
				PRODUCT_BUNDLE_IDENTIFIER = "com.-jimdanger.VideoSenderUITests";
				PRODUCT_NAME = "$(TARGET_NAME)";
				SWIFT_VERSION = 3.0;
				TEST_TARGET_NAME = VideoSender;
			};
			name = Release;
		};
		8BB6B15B1F30B70F00913323 /* Debug */ = {
			isa = XCBuildConfiguration;
			buildSettings = {
				ASSETCATALOG_COMPILER_APPICON_NAME = AppIcon;
				COMBINE_HIDPI_IMAGES = YES;
				DEVELOPMENT_TEAM = 5MFLP3AQ7C;
				INFOPLIST_FILE = VideoReceiver/Info.plist;
				LD_RUNPATH_SEARCH_PATHS = "$(inherited) @executable_path/../Frameworks";
				PRODUCT_BUNDLE_IDENTIFIER = "com.-jimdanger.VideoReceiver";
				PRODUCT_NAME = "$(TARGET_NAME)";
				SWIFT_VERSION = 3.0;
			};
			name = Debug;
		};
		8BB6B15C1F30B70F00913323 /* Release */ = {
			isa = XCBuildConfiguration;
			buildSettings = {
				ASSETCATALOG_COMPILER_APPICON_NAME = AppIcon;
				COMBINE_HIDPI_IMAGES = YES;
				DEVELOPMENT_TEAM = 5MFLP3AQ7C;
				INFOPLIST_FILE = VideoReceiver/Info.plist;
				LD_RUNPATH_SEARCH_PATHS = "$(inherited) @executable_path/../Frameworks";
				PRODUCT_BUNDLE_IDENTIFIER = "com.-jimdanger.VideoReceiver";
				PRODUCT_NAME = "$(TARGET_NAME)";
				SWIFT_VERSION = 3.0;
			};
			name = Release;
		};
		8BB6B15D1F30B70F00913323 /* Debug */ = {
			isa = XCBuildConfiguration;
			buildSettings = {
				ALWAYS_EMBED_SWIFT_STANDARD_LIBRARIES = YES;
				BUNDLE_LOADER = "$(TEST_HOST)";
				COMBINE_HIDPI_IMAGES = YES;
				DEVELOPMENT_TEAM = 5MFLP3AQ7C;
				INFOPLIST_FILE = VideoReceiverTests/Info.plist;
				LD_RUNPATH_SEARCH_PATHS = "$(inherited) @executable_path/../Frameworks @loader_path/../Frameworks";
				PRODUCT_BUNDLE_IDENTIFIER = "com.-jimdanger.VideoReceiverTests";
				PRODUCT_NAME = "$(TARGET_NAME)";
				SWIFT_VERSION = 3.0;
				TEST_HOST = "$(BUILT_PRODUCTS_DIR)/VideoReceiver.app/Contents/MacOS/VideoReceiver";
			};
			name = Debug;
		};
		8BB6B15E1F30B70F00913323 /* Release */ = {
			isa = XCBuildConfiguration;
			buildSettings = {
				ALWAYS_EMBED_SWIFT_STANDARD_LIBRARIES = YES;
				BUNDLE_LOADER = "$(TEST_HOST)";
				COMBINE_HIDPI_IMAGES = YES;
				DEVELOPMENT_TEAM = 5MFLP3AQ7C;
				INFOPLIST_FILE = VideoReceiverTests/Info.plist;
				LD_RUNPATH_SEARCH_PATHS = "$(inherited) @executable_path/../Frameworks @loader_path/../Frameworks";
				PRODUCT_BUNDLE_IDENTIFIER = "com.-jimdanger.VideoReceiverTests";
				PRODUCT_NAME = "$(TARGET_NAME)";
				SWIFT_VERSION = 3.0;
				TEST_HOST = "$(BUILT_PRODUCTS_DIR)/VideoReceiver.app/Contents/MacOS/VideoReceiver";
			};
			name = Release;
		};
		8BB6B15F1F30B70F00913323 /* Debug */ = {
			isa = XCBuildConfiguration;
			buildSettings = {
				ALWAYS_EMBED_SWIFT_STANDARD_LIBRARIES = YES;
				COMBINE_HIDPI_IMAGES = YES;
				DEVELOPMENT_TEAM = 5MFLP3AQ7C;
				INFOPLIST_FILE = VideoReceiverUITests/Info.plist;
				LD_RUNPATH_SEARCH_PATHS = "$(inherited) @executable_path/../Frameworks @loader_path/../Frameworks";
				PRODUCT_BUNDLE_IDENTIFIER = "com.-jimdanger.VideoReceiverUITests";
				PRODUCT_NAME = "$(TARGET_NAME)";
				SWIFT_VERSION = 3.0;
				TEST_TARGET_NAME = VideoReceiver;
			};
			name = Debug;
		};
		8BB6B1601F30B70F00913323 /* Release */ = {
			isa = XCBuildConfiguration;
			buildSettings = {
				ALWAYS_EMBED_SWIFT_STANDARD_LIBRARIES = YES;
				COMBINE_HIDPI_IMAGES = YES;
				DEVELOPMENT_TEAM = 5MFLP3AQ7C;
				INFOPLIST_FILE = VideoReceiverUITests/Info.plist;
				LD_RUNPATH_SEARCH_PATHS = "$(inherited) @executable_path/../Frameworks @loader_path/../Frameworks";
				PRODUCT_BUNDLE_IDENTIFIER = "com.-jimdanger.VideoReceiverUITests";
				PRODUCT_NAME = "$(TARGET_NAME)";
				SWIFT_VERSION = 3.0;
				TEST_TARGET_NAME = VideoReceiver;
			};
			name = Release;
		};
/* End XCBuildConfiguration section */

/* Begin XCConfigurationList section */
		8B59AB581F23901D005601DA /* Build configuration list for PBXProject "VideoSender" */ = {
			isa = XCConfigurationList;
			buildConfigurations = (
				8B59AB801F23901D005601DA /* Debug */,
				8B59AB811F23901D005601DA /* Release */,
			);
			defaultConfigurationIsVisible = 0;
			defaultConfigurationName = Release;
		};
		8B59AB821F23901D005601DA /* Build configuration list for PBXNativeTarget "VideoSender" */ = {
			isa = XCConfigurationList;
			buildConfigurations = (
				8B59AB831F23901D005601DA /* Debug */,
				8B59AB841F23901D005601DA /* Release */,
			);
			defaultConfigurationIsVisible = 0;
			defaultConfigurationName = Release;
		};
		8B59AB851F23901D005601DA /* Build configuration list for PBXNativeTarget "VideoSenderTests" */ = {
			isa = XCConfigurationList;
			buildConfigurations = (
				8B59AB861F23901D005601DA /* Debug */,
				8B59AB871F23901D005601DA /* Release */,
			);
			defaultConfigurationIsVisible = 0;
			defaultConfigurationName = Release;
		};
		8B59AB881F23901D005601DA /* Build configuration list for PBXNativeTarget "VideoSenderUITests" */ = {
			isa = XCConfigurationList;
			buildConfigurations = (
				8B59AB891F23901D005601DA /* Debug */,
				8B59AB8A1F23901D005601DA /* Release */,
			);
			defaultConfigurationIsVisible = 0;
			defaultConfigurationName = Release;
		};
		8BB6B1611F30B70F00913323 /* Build configuration list for PBXNativeTarget "VideoReceiver" */ = {
			isa = XCConfigurationList;
			buildConfigurations = (
				8BB6B15B1F30B70F00913323 /* Debug */,
				8BB6B15C1F30B70F00913323 /* Release */,
			);
			defaultConfigurationIsVisible = 0;
		};
		8BB6B1621F30B70F00913323 /* Build configuration list for PBXNativeTarget "VideoReceiverTests" */ = {
			isa = XCConfigurationList;
			buildConfigurations = (
				8BB6B15D1F30B70F00913323 /* Debug */,
				8BB6B15E1F30B70F00913323 /* Release */,
			);
			defaultConfigurationIsVisible = 0;
		};
		8BB6B1631F30B70F00913323 /* Build configuration list for PBXNativeTarget "VideoReceiverUITests" */ = {
			isa = XCConfigurationList;
			buildConfigurations = (
				8BB6B15F1F30B70F00913323 /* Debug */,
				8BB6B1601F30B70F00913323 /* Release */,
			);
			defaultConfigurationIsVisible = 0;
		};
/* End XCConfigurationList section */
	};
	rootObject = 8B59AB551F23901D005601DA /* Project object */;
}
